
Microsoft Visual Studio Solution File, Format Version 12.00
# Visual Studio Version 17
VisualStudioVersion = 17.7.34202.233
MinimumVisualStudioVersion = 10.0.40219.1
Project("{9A19103F-16F7-4668-BE54-9A1E7A4F7556}") = "JPA-WebApiApp", "JPA-WebApiApp\JPA-WebApiApp.csproj", "{DFD679E8-06D8-41F1-AF13-78A109004225}"
EndProject
Project("{FAE04EC0-301F-11D3-BF4B-00C04F79EFBC}") = "JPA-WebApiApp-UnitTest", "JPA-WebApiApp-UnitTest\JPA-WebApiApp-UnitTest.csproj", "{D4C51527-3BD2-48A6-A150-FB61F0555BAB}"
EndProject
Global
	GlobalSection(SolutionConfigurationPlatforms) = preSolution
		Debug|Any CPU = Debug|Any CPU
		Release|Any CPU = Release|Any CPU
	EndGlobalSection
	GlobalSection(ProjectConfigurationPlatforms) = postSolution
		{DFD679E8-06D8-41F1-AF13-78A109004225}.Debug|Any CPU.ActiveCfg = Debug|Any CPU
		{DFD679E8-06D8-41F1-AF13-78A109004225}.Debug|Any CPU.Build.0 = Debug|Any CPU
		{DFD679E8-06D8-41F1-AF13-78A109004225}.Release|Any CPU.ActiveCfg = Release|Any CPU
		{DFD679E8-06D8-41F1-AF13-78A109004225}.Release|Any CPU.Build.0 = Release|Any CPU
		{D4C51527-3BD2-48A6-A150-FB61F0555BAB}.Debug|Any CPU.ActiveCfg = Debug|Any CPU
		{D4C51527-3BD2-48A6-A150-FB61F0555BAB}.Debug|Any CPU.Build.0 = Debug|Any CPU
		{D4C51527-3BD2-48A6-A150-FB61F0555BAB}.Release|Any CPU.ActiveCfg = Release|Any CPU
		{D4C51527-3BD2-48A6-A150-FB61F0555BAB}.Release|Any CPU.Build.0 = Release|Any CPU
	EndGlobalSection
	GlobalSection(SolutionProperties) = preSolution
		HideSolutionNode = FALSE
	EndGlobalSection
	GlobalSection(ExtensibilityGlobals) = postSolution
		SolutionGuid = {AC5B05B9-3567-4AC4-BEA6-78B64797AB6C}
	EndGlobalSection
EndGlobal
